// !$*UTF8*$!
{
	archiveVersion = 1;
	classes = {
	};
	objectVersion = 77;
	objects = {

/* Begin PBXBuildFile section */
		3886BBD0D0749809FEBDD2A2 /* Pods_TravelBookingAppTests.framework in Frameworks */ = {isa = PBXBuildFile; fileRef = BE436C0F1ACF5AE9EA15ED08 /* Pods_TravelBookingAppTests.framework */; };
		4AA4DD8E22893B3797C832A1 /* Pods_TravelBookingApp_TravelBookingAppUITests.framework in Frameworks */ = {isa = PBXBuildFile; fileRef = E5C084459F399410BFCF6271 /* Pods_TravelBookingApp_TravelBookingAppUITests.framework */; };
		4E0EE0B42DFADE1600DDC03A /* StationSearchViewModel.swift in Sources */ = {isa = PBXBuildFile; fileRef = 4E0EE0B22DFADE1600DDC03A /* StationSearchViewModel.swift */; };
		4E0EE0C32DFAFEB200DDC03A /* ShowingTicketView.swift in Sources */ = {isa = PBXBuildFile; fileRef = 4E0EE0C22DFAFEB200DDC03A /* ShowingTicketView.swift */; };
		4E0EE0C72DFB1D3700DDC03A /* TrainBookingFormViewFromTicket.swift in Sources */ = {isa = PBXBuildFile; fileRef = 4E0EE0C62DFB1D3700DDC03A /* TrainBookingFormViewFromTicket.swift */; };
		4E0EE0D02DFB1F8700DDC03A /* TrainModel.swift in Sources */ = {isa = PBXBuildFile; fileRef = 4E0EE0CE2DFB1F8700DDC03A /* TrainModel.swift */; };
		4E0EE0F12DFBE83D00DDC03A /* SelectingView.swift in Sources */ = {isa = PBXBuildFile; fileRef = 4E0EE0F02DFBE83D00DDC03A /* SelectingView.swift */; };
		4E0EE0F92DFBEA9100DDC03A /* SelectingCard.swift in Sources */ = {isa = PBXBuildFile; fileRef = 4E0EE0F82DFBEA9100DDC03A /* SelectingCard.swift */; };
		4E0EE0FF2DFBFCB000DDC03A /* MainTabView.swift in Sources */ = {isa = PBXBuildFile; fileRef = 4E0EE0FE2DFBFCB000DDC03A /* MainTabView.swift */; };
		4E0EE10A2DFC1BA600DDC03A /* TrainDetailView.swift in Sources */ = {isa = PBXBuildFile; fileRef = 4E0EE1092DFC1BA600DDC03A /* TrainDetailView.swift */; };
		4E6CF34C2DFC3AED0021980A /* BusBookingFormViewFromTicket.swift in Sources */ = {isa = PBXBuildFile; fileRef = 4E6CF3452DFC3AED0021980A /* BusBookingFormViewFromTicket.swift */; };
		4E6CF34D2DFC3AED0021980A /* BusHomeView.swift in Sources */ = {isa = PBXBuildFile; fileRef = 4E6CF3462DFC3AED0021980A /* BusHomeView.swift */; };
		4E6CF34E2DFC3AED0021980A /* BusTicketRow.swift in Sources */ = {isa = PBXBuildFile; fileRef = 4E6CF3472DFC3AED0021980A /* BusTicketRow.swift */; };
		4E6CF34F2DFC3AED0021980A /* BusList.swift in Sources */ = {isa = PBXBuildFile; fileRef = 4E6CF3492DFC3AED0021980A /* BusList.swift */; };
		4E6CF3532DFC3F9F0021980A /* BusStandSearchViewModel.swift in Sources */ = {isa = PBXBuildFile; fileRef = 4E6CF3522DFC3F9F0021980A /* BusStandSearchViewModel.swift */; };
		4E6CF3582DFC61AC0021980A /* BusBookingFormView.swift in Sources */ = {isa = PBXBuildFile; fileRef = 4E6CF3562DFC61AC0021980A /* BusBookingFormView.swift */; };
		4E6CF35C2DFC62400021980A /* SignInView.swift in Sources */ = {isa = PBXBuildFile; fileRef = 4E6CF35B2DFC62400021980A /* SignInView.swift */; };
		4E6CF3642DFC62D50021980A /* CustomTextField.swift in Sources */ = {isa = PBXBuildFile; fileRef = 4E6CF3632DFC62D50021980A /* CustomTextField.swift */; };
		4E6CF3692DFC6A640021980A /* FirebaseAI in Frameworks */ = {isa = PBXBuildFile; productRef = 4E6CF3682DFC6A640021980A /* FirebaseAI */; };
		4E6CF36B2DFC6A640021980A /* FirebaseAnalytics in Frameworks */ = {isa = PBXBuildFile; productRef = 4E6CF36A2DFC6A640021980A /* FirebaseAnalytics */; };
		4E6CF36D2DFC6A640021980A /* FirebaseAnalyticsCore in Frameworks */ = {isa = PBXBuildFile; productRef = 4E6CF36C2DFC6A640021980A /* FirebaseAnalyticsCore */; };
		4E6CF36F2DFC6A640021980A /* FirebaseAnalyticsIdentitySupport in Frameworks */ = {isa = PBXBuildFile; productRef = 4E6CF36E2DFC6A640021980A /* FirebaseAnalyticsIdentitySupport */; };
		4E6CF3712DFC6A640021980A /* FirebaseAnalyticsOnDeviceConversion in Frameworks */ = {isa = PBXBuildFile; productRef = 4E6CF3702DFC6A640021980A /* FirebaseAnalyticsOnDeviceConversion */; };
		4E6CF3732DFC6A640021980A /* FirebaseAnalyticsWithoutAdIdSupport in Frameworks */ = {isa = PBXBuildFile; productRef = 4E6CF3722DFC6A640021980A /* FirebaseAnalyticsWithoutAdIdSupport */; };
		4E6CF3752DFC6A640021980A /* FirebaseAppCheck in Frameworks */ = {isa = PBXBuildFile; productRef = 4E6CF3742DFC6A640021980A /* FirebaseAppCheck */; };
		4E6CF3772DFC6A640021980A /* FirebaseAppDistribution-Beta in Frameworks */ = {isa = PBXBuildFile; productRef = 4E6CF3762DFC6A640021980A /* FirebaseAppDistribution-Beta */; };
		4E6CF3792DFC6A640021980A /* FirebaseAuth in Frameworks */ = {isa = PBXBuildFile; productRef = 4E6CF3782DFC6A640021980A /* FirebaseAuth */; };
		4E6CF37B2DFC6A640021980A /* FirebaseAuthCombine-Community in Frameworks */ = {isa = PBXBuildFile; productRef = 4E6CF37A2DFC6A640021980A /* FirebaseAuthCombine-Community */; };
		4E6CF37D2DFC6A640021980A /* FirebaseCore in Frameworks */ = {isa = PBXBuildFile; productRef = 4E6CF37C2DFC6A640021980A /* FirebaseCore */; };
		4E6CF37F2DFC6A640021980A /* FirebaseCrashlytics in Frameworks */ = {isa = PBXBuildFile; productRef = 4E6CF37E2DFC6A640021980A /* FirebaseCrashlytics */; };
		4E6CF3812DFC6A640021980A /* FirebaseDatabase in Frameworks */ = {isa = PBXBuildFile; productRef = 4E6CF3802DFC6A640021980A /* FirebaseDatabase */; };
		4E6CF3832DFC6A640021980A /* FirebaseDynamicLinks in Frameworks */ = {isa = PBXBuildFile; productRef = 4E6CF3822DFC6A640021980A /* FirebaseDynamicLinks */; };
		4E6CF3852DFC6A640021980A /* FirebaseFirestore in Frameworks */ = {isa = PBXBuildFile; productRef = 4E6CF3842DFC6A640021980A /* FirebaseFirestore */; };
		4E6CF3872DFC6A640021980A /* FirebaseFirestoreCombine-Community in Frameworks */ = {isa = PBXBuildFile; productRef = 4E6CF3862DFC6A640021980A /* FirebaseFirestoreCombine-Community */; };
		4E6CF3892DFC6A640021980A /* FirebaseFunctions in Frameworks */ = {isa = PBXBuildFile; productRef = 4E6CF3882DFC6A640021980A /* FirebaseFunctions */; };
		4E6CF38B2DFC6A640021980A /* FirebaseFunctionsCombine-Community in Frameworks */ = {isa = PBXBuildFile; productRef = 4E6CF38A2DFC6A640021980A /* FirebaseFunctionsCombine-Community */; };
		4E6CF38D2DFC6A640021980A /* FirebaseInAppMessaging-Beta in Frameworks */ = {isa = PBXBuildFile; productRef = 4E6CF38C2DFC6A640021980A /* FirebaseInAppMessaging-Beta */; };
		4E6CF38F2DFC6A640021980A /* FirebaseInstallations in Frameworks */ = {isa = PBXBuildFile; productRef = 4E6CF38E2DFC6A640021980A /* FirebaseInstallations */; };
		4E6CF3912DFC6A640021980A /* FirebaseMLModelDownloader in Frameworks */ = {isa = PBXBuildFile; productRef = 4E6CF3902DFC6A640021980A /* FirebaseMLModelDownloader */; };
		4E6CF3932DFC6A640021980A /* FirebaseMessaging in Frameworks */ = {isa = PBXBuildFile; productRef = 4E6CF3922DFC6A640021980A /* FirebaseMessaging */; };
		4E6CF3952DFC6A640021980A /* FirebasePerformance in Frameworks */ = {isa = PBXBuildFile; productRef = 4E6CF3942DFC6A640021980A /* FirebasePerformance */; };
		4E6CF3972DFC6A640021980A /* FirebaseRemoteConfig in Frameworks */ = {isa = PBXBuildFile; productRef = 4E6CF3962DFC6A640021980A /* FirebaseRemoteConfig */; };
		4E6CF3992DFC6A640021980A /* FirebaseStorage in Frameworks */ = {isa = PBXBuildFile; productRef = 4E6CF3982DFC6A640021980A /* FirebaseStorage */; };
		4E6CF39B2DFC6A640021980A /* FirebaseStorageCombine-Community in Frameworks */ = {isa = PBXBuildFile; productRef = 4E6CF39A2DFC6A640021980A /* FirebaseStorageCombine-Community */; };
		4E6CF39D2DFC6A640021980A /* FirebaseVertexAI in Frameworks */ = {isa = PBXBuildFile; productRef = 4E6CF39C2DFC6A640021980A /* FirebaseVertexAI */; };
		4E6CF3A52DFC6C7C0021980A /* GoogleService-Info.plist in Resources */ = {isa = PBXBuildFile; fileRef = 4E6CF3A42DFC6C7C0021980A /* GoogleService-Info.plist */; };
		4E6CF3AA2DFC6F4A0021980A /* GoogleSignIn in Frameworks */ = {isa = PBXBuildFile; productRef = 4E6CF3A92DFC6F4A0021980A /* GoogleSignIn */; };
		4E6CF3AC2DFC6F4A0021980A /* GoogleSignInSwift in Frameworks */ = {isa = PBXBuildFile; productRef = 4E6CF3AB2DFC6F4A0021980A /* GoogleSignInSwift */; };
		4EEFC78A2DFAB0B900774EED /* Model.xcdatamodeld in Sources */ = {isa = PBXBuildFile; fileRef = 4EEFC7832DFAB0B900774EED /* Model.xcdatamodeld */; };
		4EEFC78C2DFAB0B900774EED /* TravelBookingAppApp.swift in Sources */ = {isa = PBXBuildFile; fileRef = 4EEFC7872DFAB0B900774EED /* TravelBookingAppApp.swift */; };
		4EEFC78D2DFAB0B900774EED /* Assets.xcassets in Resources */ = {isa = PBXBuildFile; fileRef = 4EEFC7852DFAB0B900774EED /* Assets.xcassets */; };
		4EEFC78F2DFAB1C200774EED /* PersistenceController.swift in Sources */ = {isa = PBXBuildFile; fileRef = 4EEFC78E2DFAB1C200774EED /* PersistenceController.swift */; };
		4EEFC7992DFAB2DC00774EED /* TrainHomeView.swift in Sources */ = {isa = PBXBuildFile; fileRef = 4EEFC7982DFAB2DC00774EED /* TrainHomeView.swift */; };
		4EEFC79B2DFAB2EE00774EED /* AvailableTrans.swift in Sources */ = {isa = PBXBuildFile; fileRef = 4EEFC79A2DFAB2EE00774EED /* AvailableTrans.swift */; };
		4EEFC79D2DFAB2FF00774EED /* RouteMapView.swift in Sources */ = {isa = PBXBuildFile; fileRef = 4EEFC79C2DFAB2FF00774EED /* RouteMapView.swift */; };
		4EEFC79F2DFAB31100774EED /* BookingFormView.swift in Sources */ = {isa = PBXBuildFile; fileRef = 4EEFC79E2DFAB31100774EED /* BookingFormView.swift */; };
		4EEFC7A12DFAB32200774EED /* WalletView.swift in Sources */ = {isa = PBXBuildFile; fileRef = 4EEFC7A02DFAB32200774EED /* WalletView.swift */; };
		4EEFC7B52DFACE8500774EED /* ProfileScreen.swift in Sources */ = {isa = PBXBuildFile; fileRef = 4EEFC7B42DFACE8500774EED /* ProfileScreen.swift */; };
		F4A78B1419588ADF7352E19A /* Pods_TravelBookingApp.framework in Frameworks */ = {isa = PBXBuildFile; fileRef = D5F78DE42D68D39D968A1516 /* Pods_TravelBookingApp.framework */; };
/* End PBXBuildFile section */

/* Begin PBXContainerItemProxy section */
		4EEFC7422DFAA4BF00774EED /* PBXContainerItemProxy */ = {
			isa = PBXContainerItemProxy;
			containerPortal = 4EEFC72C2DFAA4BA00774EED /* Project object */;
			proxyType = 1;
			remoteGlobalIDString = 4EEFC7332DFAA4BB00774EED;
			remoteInfo = TravelBookingApp;
		};
		4EEFC74C2DFAA4BF00774EED /* PBXContainerItemProxy */ = {
			isa = PBXContainerItemProxy;
			containerPortal = 4EEFC72C2DFAA4BA00774EED /* Project object */;
			proxyType = 1;
			remoteGlobalIDString = 4EEFC7332DFAA4BB00774EED;
			remoteInfo = TravelBookingApp;
		};
/* End PBXContainerItemProxy section */

/* Begin PBXFileReference section */
		00011B1BDDA453DFBABCAD44 /* Pods-TravelBookingApp-TravelBookingAppUITests.release.xcconfig */ = {isa = PBXFileReference; includeInIndex = 1; lastKnownFileType = text.xcconfig; name = "Pods-TravelBookingApp-TravelBookingAppUITests.release.xcconfig"; path = "Target Support Files/Pods-TravelBookingApp-TravelBookingAppUITests/Pods-TravelBookingApp-TravelBookingAppUITests.release.xcconfig"; sourceTree = "<group>"; };
		367F0002761A506155C6E891 /* Pods-TravelBookingAppTests.debug.xcconfig */ = {isa = PBXFileReference; includeInIndex = 1; lastKnownFileType = text.xcconfig; name = "Pods-TravelBookingAppTests.debug.xcconfig"; path = "Target Support Files/Pods-TravelBookingAppTests/Pods-TravelBookingAppTests.debug.xcconfig"; sourceTree = "<group>"; };
		4E0EE0B22DFADE1600DDC03A /* StationSearchViewModel.swift */ = {isa = PBXFileReference; lastKnownFileType = sourcecode.swift; path = StationSearchViewModel.swift; sourceTree = "<group>"; };
		4E0EE0C22DFAFEB200DDC03A /* ShowingTicketView.swift */ = {isa = PBXFileReference; lastKnownFileType = sourcecode.swift; path = ShowingTicketView.swift; sourceTree = "<group>"; };
		4E0EE0C62DFB1D3700DDC03A /* TrainBookingFormViewFromTicket.swift */ = {isa = PBXFileReference; lastKnownFileType = sourcecode.swift; path = TrainBookingFormViewFromTicket.swift; sourceTree = "<group>"; };
		4E0EE0CE2DFB1F8700DDC03A /* TrainModel.swift */ = {isa = PBXFileReference; lastKnownFileType = sourcecode.swift; path = TrainModel.swift; sourceTree = "<group>"; };
		4E0EE0F02DFBE83D00DDC03A /* SelectingView.swift */ = {isa = PBXFileReference; lastKnownFileType = sourcecode.swift; path = SelectingView.swift; sourceTree = "<group>"; };
		4E0EE0F82DFBEA9100DDC03A /* SelectingCard.swift */ = {isa = PBXFileReference; lastKnownFileType = sourcecode.swift; path = SelectingCard.swift; sourceTree = "<group>"; };
		4E0EE0FE2DFBFCB000DDC03A /* MainTabView.swift */ = {isa = PBXFileReference; lastKnownFileType = sourcecode.swift; path = MainTabView.swift; sourceTree = "<group>"; };
		4E0EE1092DFC1BA600DDC03A /* TrainDetailView.swift */ = {isa = PBXFileReference; lastKnownFileType = sourcecode.swift; path = TrainDetailView.swift; sourceTree = "<group>"; };
		4E6CF3452DFC3AED0021980A /* BusBookingFormViewFromTicket.swift */ = {isa = PBXFileReference; lastKnownFileType = sourcecode.swift; path = BusBookingFormViewFromTicket.swift; sourceTree = "<group>"; };
		4E6CF3462DFC3AED0021980A /* BusHomeView.swift */ = {isa = PBXFileReference; lastKnownFileType = sourcecode.swift; path = BusHomeView.swift; sourceTree = "<group>"; };
		4E6CF3472DFC3AED0021980A /* BusTicketRow.swift */ = {isa = PBXFileReference; lastKnownFileType = sourcecode.swift; path = BusTicketRow.swift; sourceTree = "<group>"; };
		4E6CF3492DFC3AED0021980A /* BusList.swift */ = {isa = PBXFileReference; lastKnownFileType = sourcecode.swift; path = BusList.swift; sourceTree = "<group>"; };
		4E6CF3522DFC3F9F0021980A /* BusStandSearchViewModel.swift */ = {isa = PBXFileReference; lastKnownFileType = sourcecode.swift; path = BusStandSearchViewModel.swift; sourceTree = "<group>"; };
		4E6CF3562DFC61AC0021980A /* BusBookingFormView.swift */ = {isa = PBXFileReference; lastKnownFileType = sourcecode.swift; path = BusBookingFormView.swift; sourceTree = "<group>"; };
		4E6CF35B2DFC62400021980A /* SignInView.swift */ = {isa = PBXFileReference; lastKnownFileType = sourcecode.swift; path = SignInView.swift; sourceTree = "<group>"; };
		4E6CF3632DFC62D50021980A /* CustomTextField.swift */ = {isa = PBXFileReference; lastKnownFileType = sourcecode.swift; path = CustomTextField.swift; sourceTree = "<group>"; };
		4E6CF3A42DFC6C7C0021980A /* GoogleService-Info.plist */ = {isa = PBXFileReference; lastKnownFileType = text.plist.xml; path = "GoogleService-Info.plist"; sourceTree = "<group>"; };
		4E6CF3A62DFC6CC20021980A /* Info.plist */ = {isa = PBXFileReference; lastKnownFileType = text.plist; path = Info.plist; sourceTree = "<group>"; };
		4E6CF3A72DFC6D1A0021980A /* TravelBookingApp.entitlements */ = {isa = PBXFileReference; lastKnownFileType = text.plist.entitlements; path = TravelBookingApp.entitlements; sourceTree = "<group>"; };
		4EEFC7342DFAA4BB00774EED /* TravelBookingApp.app */ = {isa = PBXFileReference; explicitFileType = wrapper.application; includeInIndex = 0; path = TravelBookingApp.app; sourceTree = BUILT_PRODUCTS_DIR; };
		4EEFC7412DFAA4BF00774EED /* TravelBookingAppTests.xctest */ = {isa = PBXFileReference; explicitFileType = wrapper.cfbundle; includeInIndex = 0; path = TravelBookingAppTests.xctest; sourceTree = BUILT_PRODUCTS_DIR; };
		4EEFC74B2DFAA4BF00774EED /* TravelBookingAppUITests.xctest */ = {isa = PBXFileReference; explicitFileType = wrapper.cfbundle; includeInIndex = 0; path = TravelBookingAppUITests.xctest; sourceTree = BUILT_PRODUCTS_DIR; };
		4EEFC7852DFAB0B900774EED /* Assets.xcassets */ = {isa = PBXFileReference; lastKnownFileType = folder.assetcatalog; path = Assets.xcassets; sourceTree = "<group>"; };
		4EEFC7872DFAB0B900774EED /* TravelBookingAppApp.swift */ = {isa = PBXFileReference; lastKnownFileType = sourcecode.swift; path = TravelBookingAppApp.swift; sourceTree = "<group>"; };
		4EEFC7892DFAB0B900774EED /* Model.xcdatamodel */ = {isa = PBXFileReference; lastKnownFileType = wrapper.xcdatamodel; path = Model.xcdatamodel; sourceTree = "<group>"; };
		4EEFC78E2DFAB1C200774EED /* PersistenceController.swift */ = {isa = PBXFileReference; lastKnownFileType = sourcecode.swift; path = PersistenceController.swift; sourceTree = "<group>"; };
		4EEFC7982DFAB2DC00774EED /* TrainHomeView.swift */ = {isa = PBXFileReference; lastKnownFileType = sourcecode.swift; path = TrainHomeView.swift; sourceTree = "<group>"; };
		4EEFC79A2DFAB2EE00774EED /* AvailableTrans.swift */ = {isa = PBXFileReference; lastKnownFileType = sourcecode.swift; path = AvailableTrans.swift; sourceTree = "<group>"; };
		4EEFC79C2DFAB2FF00774EED /* RouteMapView.swift */ = {isa = PBXFileReference; lastKnownFileType = sourcecode.swift; path = RouteMapView.swift; sourceTree = "<group>"; };
		4EEFC79E2DFAB31100774EED /* BookingFormView.swift */ = {isa = PBXFileReference; lastKnownFileType = sourcecode.swift; path = BookingFormView.swift; sourceTree = "<group>"; };
		4EEFC7A02DFAB32200774EED /* WalletView.swift */ = {isa = PBXFileReference; lastKnownFileType = sourcecode.swift; path = WalletView.swift; sourceTree = "<group>"; };
		4EEFC7B42DFACE8500774EED /* ProfileScreen.swift */ = {isa = PBXFileReference; lastKnownFileType = sourcecode.swift; path = ProfileScreen.swift; sourceTree = "<group>"; };
		57C364B391BD408E1325CE15 /* Pods-TravelBookingApp.debug.xcconfig */ = {isa = PBXFileReference; includeInIndex = 1; lastKnownFileType = text.xcconfig; name = "Pods-TravelBookingApp.debug.xcconfig"; path = "Target Support Files/Pods-TravelBookingApp/Pods-TravelBookingApp.debug.xcconfig"; sourceTree = "<group>"; };
		714E351832B953076FF8AD67 /* Pods-TravelBookingApp-TravelBookingAppUITests.debug.xcconfig */ = {isa = PBXFileReference; includeInIndex = 1; lastKnownFileType = text.xcconfig; name = "Pods-TravelBookingApp-TravelBookingAppUITests.debug.xcconfig"; path = "Target Support Files/Pods-TravelBookingApp-TravelBookingAppUITests/Pods-TravelBookingApp-TravelBookingAppUITests.debug.xcconfig"; sourceTree = "<group>"; };
		BE436C0F1ACF5AE9EA15ED08 /* Pods_TravelBookingAppTests.framework */ = {isa = PBXFileReference; explicitFileType = wrapper.framework; includeInIndex = 0; path = Pods_TravelBookingAppTests.framework; sourceTree = BUILT_PRODUCTS_DIR; };
		D5F78DE42D68D39D968A1516 /* Pods_TravelBookingApp.framework */ = {isa = PBXFileReference; explicitFileType = wrapper.framework; includeInIndex = 0; path = Pods_TravelBookingApp.framework; sourceTree = BUILT_PRODUCTS_DIR; };
		E5C084459F399410BFCF6271 /* Pods_TravelBookingApp_TravelBookingAppUITests.framework */ = {isa = PBXFileReference; explicitFileType = wrapper.framework; includeInIndex = 0; path = Pods_TravelBookingApp_TravelBookingAppUITests.framework; sourceTree = BUILT_PRODUCTS_DIR; };
		EAEB104272B1649F73053FF2 /* Pods-TravelBookingAppTests.release.xcconfig */ = {isa = PBXFileReference; includeInIndex = 1; lastKnownFileType = text.xcconfig; name = "Pods-TravelBookingAppTests.release.xcconfig"; path = "Target Support Files/Pods-TravelBookingAppTests/Pods-TravelBookingAppTests.release.xcconfig"; sourceTree = "<group>"; };
		EF27465CE456770D92FEC1DF /* Pods-TravelBookingApp.release.xcconfig */ = {isa = PBXFileReference; includeInIndex = 1; lastKnownFileType = text.xcconfig; name = "Pods-TravelBookingApp.release.xcconfig"; path = "Target Support Files/Pods-TravelBookingApp/Pods-TravelBookingApp.release.xcconfig"; sourceTree = "<group>"; };
/* End PBXFileReference section */

/* Begin PBXFileSystemSynchronizedRootGroup section */
		4EEFC7442DFAA4BF00774EED /* TravelBookingAppTests */ = {
			isa = PBXFileSystemSynchronizedRootGroup;
			path = TravelBookingAppTests;
			sourceTree = "<group>";
		};
		4EEFC74E2DFAA4BF00774EED /* TravelBookingAppUITests */ = {
			isa = PBXFileSystemSynchronizedRootGroup;
			path = TravelBookingAppUITests;
			sourceTree = "<group>";
		};
/* End PBXFileSystemSynchronizedRootGroup section */

/* Begin PBXFrameworksBuildPhase section */
		4EEFC7312DFAA4BB00774EED /* Frameworks */ = {
			isa = PBXFrameworksBuildPhase;
			buildActionMask = 2147483647;
			files = (
				4E6CF3892DFC6A640021980A /* FirebaseFunctions in Frameworks */,
				4E6CF3812DFC6A640021980A /* FirebaseDatabase in Frameworks */,
				4E6CF36F2DFC6A640021980A /* FirebaseAnalyticsIdentitySupport in Frameworks */,
				4E6CF3992DFC6A640021980A /* FirebaseStorage in Frameworks */,
				4E6CF3732DFC6A640021980A /* FirebaseAnalyticsWithoutAdIdSupport in Frameworks */,
				4E6CF37D2DFC6A640021980A /* FirebaseCore in Frameworks */,
				4E6CF36B2DFC6A640021980A /* FirebaseAnalytics in Frameworks */,
				4E6CF3912DFC6A640021980A /* FirebaseMLModelDownloader in Frameworks */,
				4E6CF3832DFC6A640021980A /* FirebaseDynamicLinks in Frameworks */,
				4E6CF3AA2DFC6F4A0021980A /* GoogleSignIn in Frameworks */,
				4E6CF3712DFC6A640021980A /* FirebaseAnalyticsOnDeviceConversion in Frameworks */,
				4E6CF3792DFC6A640021980A /* FirebaseAuth in Frameworks */,
				4E6CF3852DFC6A640021980A /* FirebaseFirestore in Frameworks */,
				4E6CF3872DFC6A640021980A /* FirebaseFirestoreCombine-Community in Frameworks */,
				4E6CF39D2DFC6A640021980A /* FirebaseVertexAI in Frameworks */,
				4E6CF3AC2DFC6F4A0021980A /* GoogleSignInSwift in Frameworks */,
				4E6CF38D2DFC6A640021980A /* FirebaseInAppMessaging-Beta in Frameworks */,
				4E6CF38B2DFC6A640021980A /* FirebaseFunctionsCombine-Community in Frameworks */,
				4E6CF3752DFC6A640021980A /* FirebaseAppCheck in Frameworks */,
				4E6CF39B2DFC6A640021980A /* FirebaseStorageCombine-Community in Frameworks */,
				4E6CF3972DFC6A640021980A /* FirebaseRemoteConfig in Frameworks */,
				4E6CF36D2DFC6A640021980A /* FirebaseAnalyticsCore in Frameworks */,
				4E6CF3692DFC6A640021980A /* FirebaseAI in Frameworks */,
				4E6CF3952DFC6A640021980A /* FirebasePerformance in Frameworks */,
				4E6CF37F2DFC6A640021980A /* FirebaseCrashlytics in Frameworks */,
				4E6CF3772DFC6A640021980A /* FirebaseAppDistribution-Beta in Frameworks */,
				4E6CF37B2DFC6A640021980A /* FirebaseAuthCombine-Community in Frameworks */,
				4E6CF3932DFC6A640021980A /* FirebaseMessaging in Frameworks */,
				4E6CF38F2DFC6A640021980A /* FirebaseInstallations in Frameworks */,
				F4A78B1419588ADF7352E19A /* Pods_TravelBookingApp.framework in Frameworks */,
			);
			runOnlyForDeploymentPostprocessing = 0;
		};
		4EEFC73E2DFAA4BF00774EED /* Frameworks */ = {
			isa = PBXFrameworksBuildPhase;
			buildActionMask = 2147483647;
			files = (
				3886BBD0D0749809FEBDD2A2 /* Pods_TravelBookingAppTests.framework in Frameworks */,
			);
			runOnlyForDeploymentPostprocessing = 0;
		};
		4EEFC7482DFAA4BF00774EED /* Frameworks */ = {
			isa = PBXFrameworksBuildPhase;
			buildActionMask = 2147483647;
			files = (
				4AA4DD8E22893B3797C832A1 /* Pods_TravelBookingApp_TravelBookingAppUITests.framework in Frameworks */,
			);
			runOnlyForDeploymentPostprocessing = 0;
		};
/* End PBXFrameworksBuildPhase section */

/* Begin PBXGroup section */
		02FD2D1B00041A048E795306 /* Pods */ = {
			isa = PBXGroup;
			children = (
				57C364B391BD408E1325CE15 /* Pods-TravelBookingApp.debug.xcconfig */,
				EF27465CE456770D92FEC1DF /* Pods-TravelBookingApp.release.xcconfig */,
				714E351832B953076FF8AD67 /* Pods-TravelBookingApp-TravelBookingAppUITests.debug.xcconfig */,
				00011B1BDDA453DFBABCAD44 /* Pods-TravelBookingApp-TravelBookingAppUITests.release.xcconfig */,
				367F0002761A506155C6E891 /* Pods-TravelBookingAppTests.debug.xcconfig */,
				EAEB104272B1649F73053FF2 /* Pods-TravelBookingAppTests.release.xcconfig */,
			);
			path = Pods;
			sourceTree = "<group>";
		};
		4E0EE0C82DFB1EDF00DDC03A /* HomeView */ = {
			isa = PBXGroup;
			children = (
				4EEFC7982DFAB2DC00774EED /* TrainHomeView.swift */,
				4E0EE0C62DFB1D3700DDC03A /* TrainBookingFormViewFromTicket.swift */,
				4E0EE0B22DFADE1600DDC03A /* StationSearchViewModel.swift */,
			);
			path = HomeView;
			sourceTree = "<group>";
		};
		4E0EE0C92DFB1F1C00DDC03A /* MapView */ = {
			isa = PBXGroup;
			children = (
				4EEFC79C2DFAB2FF00774EED /* RouteMapView.swift */,
			);
			path = MapView;
			sourceTree = "<group>";
		};
		4E0EE0CA2DFB1F2C00DDC03A /* BookingForm */ = {
			isa = PBXGroup;
			children = (
				4EEFC79E2DFAB31100774EED /* BookingFormView.swift */,
			);
			path = BookingForm;
			sourceTree = "<group>";
		};
		4E0EE0CB2DFB1F3700DDC03A /* ShowTicket */ = {
			isa = PBXGroup;
			children = (
				4E0EE0C22DFAFEB200DDC03A /* ShowingTicketView.swift */,
			);
			path = ShowTicket;
			sourceTree = "<group>";
		};
		4E0EE0CC2DFB1F5900DDC03A /* Wallet */ = {
			isa = PBXGroup;
			children = (
				4EEFC7A02DFAB32200774EED /* WalletView.swift */,
			);
			path = Wallet;
			sourceTree = "<group>";
		};
		4E0EE0CD2DFB1F7000DDC03A /* TrainList */ = {
			isa = PBXGroup;
			children = (
				4EEFC79A2DFAB2EE00774EED /* AvailableTrans.swift */,
			);
			path = TrainList;
			sourceTree = "<group>";
		};
		4E0EE0CF2DFB1F8700DDC03A /* ViewModel */ = {
			isa = PBXGroup;
			children = (
				4E0EE0CE2DFB1F8700DDC03A /* TrainModel.swift */,
			);
			path = ViewModel;
			sourceTree = "<group>";
		};
		4E0EE0ED2DFBE73600DDC03A /* Train */ = {
			isa = PBXGroup;
			children = (
				4EEFC7972DFAB2CE00774EED /* View */,
				4E0EE0CF2DFB1F8700DDC03A /* ViewModel */,
			);
			path = Train;
			sourceTree = "<group>";
		};
		4E0EE0EE2DFBE76600DDC03A /* Bus */ = {
			isa = PBXGroup;
			children = (
				4E6CF34B2DFC3AED0021980A /* View */,
				4E0EE1002DFC03CC00DDC03A /* ViewModel */,
			);
			path = Bus;
			sourceTree = "<group>";
		};
		4E0EE1002DFC03CC00DDC03A /* ViewModel */ = {
			isa = PBXGroup;
			children = (
				4E6CF3522DFC3F9F0021980A /* BusStandSearchViewModel.swift */,
			);
			path = ViewModel;
			sourceTree = "<group>";
		};
		4E6CF3482DFC3AED0021980A /* BusHome */ = {
			isa = PBXGroup;
			children = (
				4E6CF3462DFC3AED0021980A /* BusHomeView.swift */,
				4E6CF3452DFC3AED0021980A /* BusBookingFormViewFromTicket.swift */,
				4E6CF3472DFC3AED0021980A /* BusTicketRow.swift */,
			);
			path = BusHome;
			sourceTree = "<group>";
		};
		4E6CF34A2DFC3AED0021980A /* BusList */ = {
			isa = PBXGroup;
			children = (
				4E6CF3492DFC3AED0021980A /* BusList.swift */,
			);
			path = BusList;
			sourceTree = "<group>";
		};
		4E6CF34B2DFC3AED0021980A /* View */ = {
			isa = PBXGroup;
			children = (
				4E6CF3482DFC3AED0021980A /* BusHome */,
				4E6CF34A2DFC3AED0021980A /* BusList */,
				4E6CF3572DFC61AC0021980A /* BusBooking */,
			);
			path = View;
			sourceTree = "<group>";
		};
		4E6CF3542DFC46D50021980A /* Selecting */ = {
			isa = PBXGroup;
			children = (
				4E0EE0F02DFBE83D00DDC03A /* SelectingView.swift */,
				4E0EE0F82DFBEA9100DDC03A /* SelectingCard.swift */,
			);
			path = Selecting;
			sourceTree = "<group>";
		};
		4E6CF3572DFC61AC0021980A /* BusBooking */ = {
			isa = PBXGroup;
			children = (
				4E6CF3562DFC61AC0021980A /* BusBookingFormView.swift */,
			);
			path = BusBooking;
			sourceTree = "<group>";
		};
		4E6CF3592DFC61C30021980A /* traindetail */ = {
			isa = PBXGroup;
			children = (
				4E0EE1092DFC1BA600DDC03A /* TrainDetailView.swift */,
			);
			path = traindetail;
			sourceTree = "<group>";
		};
		4E6CF35A2DFC622A0021980A /* Login */ = {
			isa = PBXGroup;
			children = (
				4E6CF35B2DFC62400021980A /* SignInView.swift */,
				4E6CF3632DFC62D50021980A /* CustomTextField.swift */,
			);
			path = Login;
			sourceTree = "<group>";
		};
		4EEFC72B2DFAA4BA00774EED = {
			isa = PBXGroup;
			children = (
				4EEFC7882DFAB0B900774EED /* TravelBookingApp */,
				4EEFC7442DFAA4BF00774EED /* TravelBookingAppTests */,
				4EEFC74E2DFAA4BF00774EED /* TravelBookingAppUITests */,
				4EEFC7352DFAA4BB00774EED /* Products */,
				02FD2D1B00041A048E795306 /* Pods */,
				D9131A6CE53F8143C146513F /* Frameworks */,
			);
			sourceTree = "<group>";
		};
		4EEFC7352DFAA4BB00774EED /* Products */ = {
			isa = PBXGroup;
			children = (
				4EEFC7342DFAA4BB00774EED /* TravelBookingApp.app */,
				4EEFC7412DFAA4BF00774EED /* TravelBookingAppTests.xctest */,
				4EEFC74B2DFAA4BF00774EED /* TravelBookingAppUITests.xctest */,
			);
			name = Products;
			sourceTree = "<group>";
		};
		4EEFC7842DFAB0B900774EED /* CoreData */ = {
			isa = PBXGroup;
			children = (
				4EEFC7832DFAB0B900774EED /* Model.xcdatamodeld */,
				4EEFC78E2DFAB1C200774EED /* PersistenceController.swift */,
			);
			path = CoreData;
			sourceTree = "<group>";
		};
		4EEFC7882DFAB0B900774EED /* TravelBookingApp */ = {
			isa = PBXGroup;
			children = (
				4E6CF3A72DFC6D1A0021980A /* TravelBookingApp.entitlements */,
				4E6CF3A62DFC6CC20021980A /* Info.plist */,
				4EEFC7872DFAB0B900774EED /* TravelBookingAppApp.swift */,
				4E0EE0FE2DFBFCB000DDC03A /* MainTabView.swift */,
				4E6CF35A2DFC622A0021980A /* Login */,
				4E6CF3542DFC46D50021980A /* Selecting */,
				4E0EE0EE2DFBE76600DDC03A /* Bus */,
				4E0EE0ED2DFBE73600DDC03A /* Train */,
				4EEFC7842DFAB0B900774EED /* CoreData */,
				4EEFC7852DFAB0B900774EED /* Assets.xcassets */,
				4E6CF3A42DFC6C7C0021980A /* GoogleService-Info.plist */,
			);
			path = TravelBookingApp;
			sourceTree = "<group>";
		};
		4EEFC7972DFAB2CE00774EED /* View */ = {
			isa = PBXGroup;
			children = (
				4E0EE0C82DFB1EDF00DDC03A /* HomeView */,
				4E0EE0CD2DFB1F7000DDC03A /* TrainList */,
				4E0EE0C92DFB1F1C00DDC03A /* MapView */,
				4E6CF3592DFC61C30021980A /* traindetail */,
				4E0EE0CA2DFB1F2C00DDC03A /* BookingForm */,
				4E0EE0CB2DFB1F3700DDC03A /* ShowTicket */,
				4E0EE0CC2DFB1F5900DDC03A /* Wallet */,
				4EEFC7B42DFACE8500774EED /* ProfileScreen.swift */,
			);
			path = View;
			sourceTree = "<group>";
		};
		D9131A6CE53F8143C146513F /* Frameworks */ = {
			isa = PBXGroup;
			children = (
				D5F78DE42D68D39D968A1516 /* Pods_TravelBookingApp.framework */,
				E5C084459F399410BFCF6271 /* Pods_TravelBookingApp_TravelBookingAppUITests.framework */,
				BE436C0F1ACF5AE9EA15ED08 /* Pods_TravelBookingAppTests.framework */,
			);
			name = Frameworks;
			sourceTree = "<group>";
		};
/* End PBXGroup section */

/* Begin PBXNativeTarget section */
		4EEFC7332DFAA4BB00774EED /* TravelBookingApp */ = {
			isa = PBXNativeTarget;
			buildConfigurationList = 4EEFC7552DFAA4BF00774EED /* Build configuration list for PBXNativeTarget "TravelBookingApp" */;
			buildPhases = (
				2D7888A8DA46453CE1C7283B /* [CP] Check Pods Manifest.lock */,
				4EEFC7302DFAA4BB00774EED /* Sources */,
				4EEFC7312DFAA4BB00774EED /* Frameworks */,
				4EEFC7322DFAA4BB00774EED /* Resources */,
			);
			buildRules = (
			);
			dependencies = (
			);
			name = TravelBookingApp;
			packageProductDependencies = (
				4E6CF3682DFC6A640021980A /* FirebaseAI */,
				4E6CF36A2DFC6A640021980A /* FirebaseAnalytics */,
				4E6CF36C2DFC6A640021980A /* FirebaseAnalyticsCore */,
				4E6CF36E2DFC6A640021980A /* FirebaseAnalyticsIdentitySupport */,
				4E6CF3702DFC6A640021980A /* FirebaseAnalyticsOnDeviceConversion */,
				4E6CF3722DFC6A640021980A /* FirebaseAnalyticsWithoutAdIdSupport */,
				4E6CF3742DFC6A640021980A /* FirebaseAppCheck */,
				4E6CF3762DFC6A640021980A /* FirebaseAppDistribution-Beta */,
				4E6CF3782DFC6A640021980A /* FirebaseAuth */,
				4E6CF37A2DFC6A640021980A /* FirebaseAuthCombine-Community */,
				4E6CF37C2DFC6A640021980A /* FirebaseCore */,
				4E6CF37E2DFC6A640021980A /* FirebaseCrashlytics */,
				4E6CF3802DFC6A640021980A /* FirebaseDatabase */,
				4E6CF3822DFC6A640021980A /* FirebaseDynamicLinks */,
				4E6CF3842DFC6A640021980A /* FirebaseFirestore */,
				4E6CF3862DFC6A640021980A /* FirebaseFirestoreCombine-Community */,
				4E6CF3882DFC6A640021980A /* FirebaseFunctions */,
				4E6CF38A2DFC6A640021980A /* FirebaseFunctionsCombine-Community */,
				4E6CF38C2DFC6A640021980A /* FirebaseInAppMessaging-Beta */,
				4E6CF38E2DFC6A640021980A /* FirebaseInstallations */,
				4E6CF3902DFC6A640021980A /* FirebaseMLModelDownloader */,
				4E6CF3922DFC6A640021980A /* FirebaseMessaging */,
				4E6CF3942DFC6A640021980A /* FirebasePerformance */,
				4E6CF3962DFC6A640021980A /* FirebaseRemoteConfig */,
				4E6CF3982DFC6A640021980A /* FirebaseStorage */,
				4E6CF39A2DFC6A640021980A /* FirebaseStorageCombine-Community */,
				4E6CF39C2DFC6A640021980A /* FirebaseVertexAI */,
				4E6CF3A92DFC6F4A0021980A /* GoogleSignIn */,
				4E6CF3AB2DFC6F4A0021980A /* GoogleSignInSwift */,
			);
			productName = TravelBookingApp;
			productReference = 4EEFC7342DFAA4BB00774EED /* TravelBookingApp.app */;
			productType = "com.apple.product-type.application";
		};
		4EEFC7402DFAA4BF00774EED /* TravelBookingAppTests */ = {
			isa = PBXNativeTarget;
			buildConfigurationList = 4EEFC7582DFAA4BF00774EED /* Build configuration list for PBXNativeTarget "TravelBookingAppTests" */;
			buildPhases = (
				E9D799409DB75F00BCEFD227 /* [CP] Check Pods Manifest.lock */,
				4EEFC73D2DFAA4BF00774EED /* Sources */,
				4EEFC73E2DFAA4BF00774EED /* Frameworks */,
				4EEFC73F2DFAA4BF00774EED /* Resources */,
			);
			buildRules = (
			);
			dependencies = (
				4EEFC7432DFAA4BF00774EED /* PBXTargetDependency */,
			);
			fileSystemSynchronizedGroups = (
				4EEFC7442DFAA4BF00774EED /* TravelBookingAppTests */,
			);
			name = TravelBookingAppTests;
			productName = TravelBookingAppTests;
			productReference = 4EEFC7412DFAA4BF00774EED /* TravelBookingAppTests.xctest */;
			productType = "com.apple.product-type.bundle.unit-test";
		};
		4EEFC74A2DFAA4BF00774EED /* TravelBookingAppUITests */ = {
			isa = PBXNativeTarget;
			buildConfigurationList = 4EEFC75B2DFAA4BF00774EED /* Build configuration list for PBXNativeTarget "TravelBookingAppUITests" */;
			buildPhases = (
				35BD39014E0AEDA602388F5B /* [CP] Check Pods Manifest.lock */,
				4EEFC7472DFAA4BF00774EED /* Sources */,
				4EEFC7482DFAA4BF00774EED /* Frameworks */,
				4EEFC7492DFAA4BF00774EED /* Resources */,
			);
			buildRules = (
			);
			dependencies = (
				4EEFC74D2DFAA4BF00774EED /* PBXTargetDependency */,
			);
			fileSystemSynchronizedGroups = (
				4EEFC74E2DFAA4BF00774EED /* TravelBookingAppUITests */,
			);
			name = TravelBookingAppUITests;
			productName = TravelBookingAppUITests;
			productReference = 4EEFC74B2DFAA4BF00774EED /* TravelBookingAppUITests.xctest */;
			productType = "com.apple.product-type.bundle.ui-testing";
		};
/* End PBXNativeTarget section */

/* Begin PBXProject section */
		4EEFC72C2DFAA4BA00774EED /* Project object */ = {
			isa = PBXProject;
			attributes = {
				BuildIndependentTargetsInParallel = 1;
				LastSwiftUpdateCheck = 1640;
				LastUpgradeCheck = 1640;
				TargetAttributes = {
					4EEFC7332DFAA4BB00774EED = {
						CreatedOnToolsVersion = 16.4;
					};
					4EEFC7402DFAA4BF00774EED = {
						CreatedOnToolsVersion = 16.4;
						TestTargetID = 4EEFC7332DFAA4BB00774EED;
					};
					4EEFC74A2DFAA4BF00774EED = {
						CreatedOnToolsVersion = 16.4;
						TestTargetID = 4EEFC7332DFAA4BB00774EED;
					};
				};
			};
			buildConfigurationList = 4EEFC72F2DFAA4BA00774EED /* Build configuration list for PBXProject "TravelBookingApp" */;
			developmentRegion = en;
			hasScannedForEncodings = 0;
			knownRegions = (
				en,
				Base,
			);
			mainGroup = 4EEFC72B2DFAA4BA00774EED;
			minimizedProjectReferenceProxies = 1;
			packageReferences = (
				4E6CF3672DFC6A640021980A /* XCRemoteSwiftPackageReference "firebase-ios-sdk" */,
				4E6CF3A82DFC6F4A0021980A /* XCRemoteSwiftPackageReference "GoogleSignIn-iOS" */,
			);
			preferredProjectObjectVersion = 77;
			productRefGroup = 4EEFC7352DFAA4BB00774EED /* Products */;
			projectDirPath = "";
			projectRoot = "";
			targets = (
				4EEFC7332DFAA4BB00774EED /* TravelBookingApp */,
				4EEFC7402DFAA4BF00774EED /* TravelBookingAppTests */,
				4EEFC74A2DFAA4BF00774EED /* TravelBookingAppUITests */,
			);
		};
/* End PBXProject section */

/* Begin PBXResourcesBuildPhase section */
		4EEFC7322DFAA4BB00774EED /* Resources */ = {
			isa = PBXResourcesBuildPhase;
			buildActionMask = 2147483647;
			files = (
				4EEFC78D2DFAB0B900774EED /* Assets.xcassets in Resources */,
				4E6CF3A52DFC6C7C0021980A /* GoogleService-Info.plist in Resources */,
			);
			runOnlyForDeploymentPostprocessing = 0;
		};
		4EEFC73F2DFAA4BF00774EED /* Resources */ = {
			isa = PBXResourcesBuildPhase;
			buildActionMask = 2147483647;
			files = (
			);
			runOnlyForDeploymentPostprocessing = 0;
		};
		4EEFC7492DFAA4BF00774EED /* Resources */ = {
			isa = PBXResourcesBuildPhase;
			buildActionMask = 2147483647;
			files = (
			);
			runOnlyForDeploymentPostprocessing = 0;
		};
/* End PBXResourcesBuildPhase section */

/* Begin PBXShellScriptBuildPhase section */
		2D7888A8DA46453CE1C7283B /* [CP] Check Pods Manifest.lock */ = {
			isa = PBXShellScriptBuildPhase;
			buildActionMask = 2147483647;
			files = (
			);
			inputFileListPaths = (
			);
			inputPaths = (
				"${PODS_PODFILE_DIR_PATH}/Podfile.lock",
				"${PODS_ROOT}/Manifest.lock",
			);
			name = "[CP] Check Pods Manifest.lock";
			outputFileListPaths = (
			);
			outputPaths = (
				"$(DERIVED_FILE_DIR)/Pods-TravelBookingApp-checkManifestLockResult.txt",
			);
			runOnlyForDeploymentPostprocessing = 0;
			shellPath = /bin/sh;
			shellScript = "diff \"${PODS_PODFILE_DIR_PATH}/Podfile.lock\" \"${PODS_ROOT}/Manifest.lock\" > /dev/null\nif [ $? != 0 ] ; then\n    # print error to STDERR\n    echo \"error: The sandbox is not in sync with the Podfile.lock. Run 'pod install' or update your CocoaPods installation.\" >&2\n    exit 1\nfi\n# This output is used by Xcode 'outputs' to avoid re-running this script phase.\necho \"SUCCESS\" > \"${SCRIPT_OUTPUT_FILE_0}\"\n";
			showEnvVarsInLog = 0;
		};
		35BD39014E0AEDA602388F5B /* [CP] Check Pods Manifest.lock */ = {
			isa = PBXShellScriptBuildPhase;
			buildActionMask = 2147483647;
			files = (
			);
			inputFileListPaths = (
			);
			inputPaths = (
				"${PODS_PODFILE_DIR_PATH}/Podfile.lock",
				"${PODS_ROOT}/Manifest.lock",
			);
			name = "[CP] Check Pods Manifest.lock";
			outputFileListPaths = (
			);
			outputPaths = (
				"$(DERIVED_FILE_DIR)/Pods-TravelBookingApp-TravelBookingAppUITests-checkManifestLockResult.txt",
			);
			runOnlyForDeploymentPostprocessing = 0;
			shellPath = /bin/sh;
			shellScript = "diff \"${PODS_PODFILE_DIR_PATH}/Podfile.lock\" \"${PODS_ROOT}/Manifest.lock\" > /dev/null\nif [ $? != 0 ] ; then\n    # print error to STDERR\n    echo \"error: The sandbox is not in sync with the Podfile.lock. Run 'pod install' or update your CocoaPods installation.\" >&2\n    exit 1\nfi\n# This output is used by Xcode 'outputs' to avoid re-running this script phase.\necho \"SUCCESS\" > \"${SCRIPT_OUTPUT_FILE_0}\"\n";
			showEnvVarsInLog = 0;
		};
		E9D799409DB75F00BCEFD227 /* [CP] Check Pods Manifest.lock */ = {
			isa = PBXShellScriptBuildPhase;
			buildActionMask = 2147483647;
			files = (
			);
			inputFileListPaths = (
			);
			inputPaths = (
				"${PODS_PODFILE_DIR_PATH}/Podfile.lock",
				"${PODS_ROOT}/Manifest.lock",
			);
			name = "[CP] Check Pods Manifest.lock";
			outputFileListPaths = (
			);
			outputPaths = (
				"$(DERIVED_FILE_DIR)/Pods-TravelBookingAppTests-checkManifestLockResult.txt",
			);
			runOnlyForDeploymentPostprocessing = 0;
			shellPath = /bin/sh;
			shellScript = "diff \"${PODS_PODFILE_DIR_PATH}/Podfile.lock\" \"${PODS_ROOT}/Manifest.lock\" > /dev/null\nif [ $? != 0 ] ; then\n    # print error to STDERR\n    echo \"error: The sandbox is not in sync with the Podfile.lock. Run 'pod install' or update your CocoaPods installation.\" >&2\n    exit 1\nfi\n# This output is used by Xcode 'outputs' to avoid re-running this script phase.\necho \"SUCCESS\" > \"${SCRIPT_OUTPUT_FILE_0}\"\n";
			showEnvVarsInLog = 0;
		};
/* End PBXShellScriptBuildPhase section */

/* Begin PBXSourcesBuildPhase section */
		4EEFC7302DFAA4BB00774EED /* Sources */ = {
			isa = PBXSourcesBuildPhase;
			buildActionMask = 2147483647;
			files = (
				4E0EE0F92DFBEA9100DDC03A /* SelectingCard.swift in Sources */,
				4E6CF3582DFC61AC0021980A /* BusBookingFormView.swift in Sources */,
				4EEFC78A2DFAB0B900774EED /* Model.xcdatamodeld in Sources */,
				4EEFC79B2DFAB2EE00774EED /* AvailableTrans.swift in Sources */,
				4E0EE10A2DFC1BA600DDC03A /* TrainDetailView.swift in Sources */,
				4E0EE0B42DFADE1600DDC03A /* StationSearchViewModel.swift in Sources */,
				4E6CF35C2DFC62400021980A /* SignInView.swift in Sources */,
				4E0EE0C32DFAFEB200DDC03A /* ShowingTicketView.swift in Sources */,
				4E6CF34C2DFC3AED0021980A /* BusBookingFormViewFromTicket.swift in Sources */,
				4E6CF3642DFC62D50021980A /* CustomTextField.swift in Sources */,
				4E6CF34D2DFC3AED0021980A /* BusHomeView.swift in Sources */,
				4E6CF3532DFC3F9F0021980A /* BusStandSearchViewModel.swift in Sources */,
				4E6CF34E2DFC3AED0021980A /* BusTicketRow.swift in Sources */,
				4E6CF34F2DFC3AED0021980A /* BusList.swift in Sources */,
				4EEFC78C2DFAB0B900774EED /* TravelBookingAppApp.swift in Sources */,
				4E0EE0C72DFB1D3700DDC03A /* TrainBookingFormViewFromTicket.swift in Sources */,
				4EEFC7992DFAB2DC00774EED /* TrainHomeView.swift in Sources */,
				4EEFC78F2DFAB1C200774EED /* PersistenceController.swift in Sources */,
				4E0EE0FF2DFBFCB000DDC03A /* MainTabView.swift in Sources */,
				4EEFC7B52DFACE8500774EED /* ProfileScreen.swift in Sources */,
				4E0EE0F12DFBE83D00DDC03A /* SelectingView.swift in Sources */,
				4EEFC79F2DFAB31100774EED /* BookingFormView.swift in Sources */,
				4EEFC79D2DFAB2FF00774EED /* RouteMapView.swift in Sources */,
				4E0EE0D02DFB1F8700DDC03A /* TrainModel.swift in Sources */,
				4EEFC7A12DFAB32200774EED /* WalletView.swift in Sources */,
			);
			runOnlyForDeploymentPostprocessing = 0;
		};
		4EEFC73D2DFAA4BF00774EED /* Sources */ = {
			isa = PBXSourcesBuildPhase;
			buildActionMask = 2147483647;
			files = (
			);
			runOnlyForDeploymentPostprocessing = 0;
		};
		4EEFC7472DFAA4BF00774EED /* Sources */ = {
			isa = PBXSourcesBuildPhase;
			buildActionMask = 2147483647;
			files = (
			);
			runOnlyForDeploymentPostprocessing = 0;
		};
/* End PBXSourcesBuildPhase section */

/* Begin PBXTargetDependency section */
		4EEFC7432DFAA4BF00774EED /* PBXTargetDependency */ = {
			isa = PBXTargetDependency;
			target = 4EEFC7332DFAA4BB00774EED /* TravelBookingApp */;
			targetProxy = 4EEFC7422DFAA4BF00774EED /* PBXContainerItemProxy */;
		};
		4EEFC74D2DFAA4BF00774EED /* PBXTargetDependency */ = {
			isa = PBXTargetDependency;
			target = 4EEFC7332DFAA4BB00774EED /* TravelBookingApp */;
			targetProxy = 4EEFC74C2DFAA4BF00774EED /* PBXContainerItemProxy */;
		};
/* End PBXTargetDependency section */

/* Begin XCBuildConfiguration section */
		4EEFC7532DFAA4BF00774EED /* Debug */ = {
			isa = XCBuildConfiguration;
			buildSettings = {
				ALWAYS_SEARCH_USER_PATHS = NO;
				ASSETCATALOG_COMPILER_GENERATE_SWIFT_ASSET_SYMBOL_EXTENSIONS = YES;
				CLANG_ANALYZER_NONNULL = YES;
				CLANG_ANALYZER_NUMBER_OBJECT_CONVERSION = YES_AGGRESSIVE;
				CLANG_CXX_LANGUAGE_STANDARD = "gnu++20";
				CLANG_ENABLE_MODULES = YES;
				CLANG_ENABLE_OBJC_ARC = YES;
				CLANG_ENABLE_OBJC_WEAK = YES;
				CLANG_WARN_BLOCK_CAPTURE_AUTORELEASING = YES;
				CLANG_WARN_BOOL_CONVERSION = YES;
				CLANG_WARN_COMMA = YES;
				CLANG_WARN_CONSTANT_CONVERSION = YES;
				CLANG_WARN_DEPRECATED_OBJC_IMPLEMENTATIONS = YES;
				CLANG_WARN_DIRECT_OBJC_ISA_USAGE = YES_ERROR;
				CLANG_WARN_DOCUMENTATION_COMMENTS = YES;
				CLANG_WARN_EMPTY_BODY = YES;
				CLANG_WARN_ENUM_CONVERSION = YES;
				CLANG_WARN_INFINITE_RECURSION = YES;
				CLANG_WARN_INT_CONVERSION = YES;
				CLANG_WARN_NON_LITERAL_NULL_CONVERSION = YES;
				CLANG_WARN_OBJC_IMPLICIT_RETAIN_SELF = YES;
				CLANG_WARN_OBJC_LITERAL_CONVERSION = YES;
				CLANG_WARN_OBJC_ROOT_CLASS = YES_ERROR;
				CLANG_WARN_QUOTED_INCLUDE_IN_FRAMEWORK_HEADER = YES;
				CLANG_WARN_RANGE_LOOP_ANALYSIS = YES;
				CLANG_WARN_STRICT_PROTOTYPES = YES;
				CLANG_WARN_SUSPICIOUS_MOVE = YES;
				CLANG_WARN_UNGUARDED_AVAILABILITY = YES_AGGRESSIVE;
				CLANG_WARN_UNREACHABLE_CODE = YES;
				CLANG_WARN__DUPLICATE_METHOD_MATCH = YES;
				COPY_PHASE_STRIP = NO;
				DEBUG_INFORMATION_FORMAT = dwarf;
				DEVELOPMENT_TEAM = H2C4R2VE3A;
				ENABLE_STRICT_OBJC_MSGSEND = YES;
				ENABLE_TESTABILITY = YES;
				ENABLE_USER_SCRIPT_SANDBOXING = YES;
				GCC_C_LANGUAGE_STANDARD = gnu17;
				GCC_DYNAMIC_NO_PIC = NO;
				GCC_NO_COMMON_BLOCKS = YES;
				GCC_OPTIMIZATION_LEVEL = 0;
				GCC_PREPROCESSOR_DEFINITIONS = (
					"DEBUG=1",
					"$(inherited)",
				);
				GCC_WARN_64_TO_32_BIT_CONVERSION = YES;
				GCC_WARN_ABOUT_RETURN_TYPE = YES_ERROR;
				GCC_WARN_UNDECLARED_SELECTOR = YES;
				GCC_WARN_UNINITIALIZED_AUTOS = YES_AGGRESSIVE;
				GCC_WARN_UNUSED_FUNCTION = YES;
				GCC_WARN_UNUSED_VARIABLE = YES;
				IPHONEOS_DEPLOYMENT_TARGET = 18.5;
				LOCALIZATION_PREFERS_STRING_CATALOGS = YES;
				MTL_ENABLE_DEBUG_INFO = INCLUDE_SOURCE;
				MTL_FAST_MATH = YES;
				ONLY_ACTIVE_ARCH = YES;
				SDKROOT = iphoneos;
				SWIFT_ACTIVE_COMPILATION_CONDITIONS = "DEBUG $(inherited)";
				SWIFT_OPTIMIZATION_LEVEL = "-Onone";
			};
			name = Debug;
		};
		4EEFC7542DFAA4BF00774EED /* Release */ = {
			isa = XCBuildConfiguration;
			buildSettings = {
				ALWAYS_SEARCH_USER_PATHS = NO;
				ASSETCATALOG_COMPILER_GENERATE_SWIFT_ASSET_SYMBOL_EXTENSIONS = YES;
				CLANG_ANALYZER_NONNULL = YES;
				CLANG_ANALYZER_NUMBER_OBJECT_CONVERSION = YES_AGGRESSIVE;
				CLANG_CXX_LANGUAGE_STANDARD = "gnu++20";
				CLANG_ENABLE_MODULES = YES;
				CLANG_ENABLE_OBJC_ARC = YES;
				CLANG_ENABLE_OBJC_WEAK = YES;
				CLANG_WARN_BLOCK_CAPTURE_AUTORELEASING = YES;
				CLANG_WARN_BOOL_CONVERSION = YES;
				CLANG_WARN_COMMA = YES;
				CLANG_WARN_CONSTANT_CONVERSION = YES;
				CLANG_WARN_DEPRECATED_OBJC_IMPLEMENTATIONS = YES;
				CLANG_WARN_DIRECT_OBJC_ISA_USAGE = YES_ERROR;
				CLANG_WARN_DOCUMENTATION_COMMENTS = YES;
				CLANG_WARN_EMPTY_BODY = YES;
				CLANG_WARN_ENUM_CONVERSION = YES;
				CLANG_WARN_INFINITE_RECURSION = YES;
				CLANG_WARN_INT_CONVERSION = YES;
				CLANG_WARN_NON_LITERAL_NULL_CONVERSION = YES;
				CLANG_WARN_OBJC_IMPLICIT_RETAIN_SELF = YES;
				CLANG_WARN_OBJC_LITERAL_CONVERSION = YES;
				CLANG_WARN_OBJC_ROOT_CLASS = YES_ERROR;
				CLANG_WARN_QUOTED_INCLUDE_IN_FRAMEWORK_HEADER = YES;
				CLANG_WARN_RANGE_LOOP_ANALYSIS = YES;
				CLANG_WARN_STRICT_PROTOTYPES = YES;
				CLANG_WARN_SUSPICIOUS_MOVE = YES;
				CLANG_WARN_UNGUARDED_AVAILABILITY = YES_AGGRESSIVE;
				CLANG_WARN_UNREACHABLE_CODE = YES;
				CLANG_WARN__DUPLICATE_METHOD_MATCH = YES;
				COPY_PHASE_STRIP = NO;
				DEBUG_INFORMATION_FORMAT = "dwarf-with-dsym";
				DEVELOPMENT_TEAM = H2C4R2VE3A;
				ENABLE_NS_ASSERTIONS = NO;
				ENABLE_STRICT_OBJC_MSGSEND = YES;
				ENABLE_USER_SCRIPT_SANDBOXING = YES;
				GCC_C_LANGUAGE_STANDARD = gnu17;
				GCC_NO_COMMON_BLOCKS = YES;
				GCC_WARN_64_TO_32_BIT_CONVERSION = YES;
				GCC_WARN_ABOUT_RETURN_TYPE = YES_ERROR;
				GCC_WARN_UNDECLARED_SELECTOR = YES;
				GCC_WARN_UNINITIALIZED_AUTOS = YES_AGGRESSIVE;
				GCC_WARN_UNUSED_FUNCTION = YES;
				GCC_WARN_UNUSED_VARIABLE = YES;
				IPHONEOS_DEPLOYMENT_TARGET = 18.5;
				LOCALIZATION_PREFERS_STRING_CATALOGS = YES;
				MTL_ENABLE_DEBUG_INFO = NO;
				MTL_FAST_MATH = YES;
				SDKROOT = iphoneos;
				SWIFT_COMPILATION_MODE = wholemodule;
				VALIDATE_PRODUCT = YES;
			};
			name = Release;
		};
		4EEFC7562DFAA4BF00774EED /* Debug */ = {
			isa = XCBuildConfiguration;
			baseConfigurationReference = 57C364B391BD408E1325CE15 /* Pods-TravelBookingApp.debug.xcconfig */;
			buildSettings = {
				ASSETCATALOG_COMPILER_APPICON_NAME = AppIcon;
				ASSETCATALOG_COMPILER_GLOBAL_ACCENT_COLOR_NAME = AccentColor;
				CODE_SIGN_ENTITLEMENTS = TravelBookingApp/TravelBookingApp.entitlements;
				CODE_SIGN_STYLE = Automatic;
				CURRENT_PROJECT_VERSION = 1;
				DEVELOPMENT_TEAM = H2C4R2VE3A;
				ENABLE_PREVIEWS = YES;
				GENERATE_INFOPLIST_FILE = YES;
				INFOPLIST_FILE = TravelBookingApp/Info.plist;
				INFOPLIST_KEY_UIApplicationSceneManifest_Generation = YES;
				INFOPLIST_KEY_UIApplicationSupportsIndirectInputEvents = YES;
				INFOPLIST_KEY_UILaunchScreen_Generation = YES;
				INFOPLIST_KEY_UISupportedInterfaceOrientations_iPad = "UIInterfaceOrientationPortrait UIInterfaceOrientationPortraitUpsideDown UIInterfaceOrientationLandscapeLeft UIInterfaceOrientationLandscapeRight";
				INFOPLIST_KEY_UISupportedInterfaceOrientations_iPhone = "UIInterfaceOrientationPortrait UIInterfaceOrientationLandscapeLeft UIInterfaceOrientationLandscapeRight";
				IPHONEOS_DEPLOYMENT_TARGET = 16.6;
				LD_RUNPATH_SEARCH_PATHS = (
					"$(inherited)",
					"@executable_path/Frameworks",
				);
				MARKETING_VERSION = 1.0;
				PRODUCT_BUNDLE_IDENTIFIER = com.JustCheck.TravelBookingApp;
				PRODUCT_NAME = "$(TARGET_NAME)";
				SWIFT_EMIT_LOC_STRINGS = YES;
				SWIFT_VERSION = 5.0;
				TARGETED_DEVICE_FAMILY = "1,2";
			};
			name = Debug;
		};
		4EEFC7572DFAA4BF00774EED /* Release */ = {
			isa = XCBuildConfiguration;
			baseConfigurationReference = EF27465CE456770D92FEC1DF /* Pods-TravelBookingApp.release.xcconfig */;
			buildSettings = {
				ASSETCATALOG_COMPILER_APPICON_NAME = AppIcon;
				ASSETCATALOG_COMPILER_GLOBAL_ACCENT_COLOR_NAME = AccentColor;
				CODE_SIGN_ENTITLEMENTS = TravelBookingApp/TravelBookingApp.entitlements;
				CODE_SIGN_STYLE = Automatic;
				CURRENT_PROJECT_VERSION = 1;
				DEVELOPMENT_TEAM = H2C4R2VE3A;
				ENABLE_PREVIEWS = YES;
				GENERATE_INFOPLIST_FILE = YES;
				INFOPLIST_FILE = TravelBookingApp/Info.plist;
				INFOPLIST_KEY_UIApplicationSceneManifest_Generation = YES;
				INFOPLIST_KEY_UIApplicationSupportsIndirectInputEvents = YES;
				INFOPLIST_KEY_UILaunchScreen_Generation = YES;
				INFOPLIST_KEY_UISupportedInterfaceOrientations_iPad = "UIInterfaceOrientationPortrait UIInterfaceOrientationPortraitUpsideDown UIInterfaceOrientationLandscapeLeft UIInterfaceOrientationLandscapeRight";
				INFOPLIST_KEY_UISupportedInterfaceOrientations_iPhone = "UIInterfaceOrientationPortrait UIInterfaceOrientationLandscapeLeft UIInterfaceOrientationLandscapeRight";
				IPHONEOS_DEPLOYMENT_TARGET = 16.6;
				LD_RUNPATH_SEARCH_PATHS = (
					"$(inherited)",
					"@executable_path/Frameworks",
				);
				MARKETING_VERSION = 1.0;
				PRODUCT_BUNDLE_IDENTIFIER = com.JustCheck.TravelBookingApp;
				PRODUCT_NAME = "$(TARGET_NAME)";
				SWIFT_EMIT_LOC_STRINGS = YES;
				SWIFT_VERSION = 5.0;
				TARGETED_DEVICE_FAMILY = "1,2";
			};
			name = Release;
		};
		4EEFC7592DFAA4BF00774EED /* Debug */ = {
			isa = XCBuildConfiguration;
			baseConfigurationReference = 367F0002761A506155C6E891 /* Pods-TravelBookingAppTests.debug.xcconfig */;
			buildSettings = {
				BUNDLE_LOADER = "$(TEST_HOST)";
				CODE_SIGN_STYLE = Automatic;
				CURRENT_PROJECT_VERSION = 1;
				DEVELOPMENT_TEAM = H2C4R2VE3A;
				GENERATE_INFOPLIST_FILE = YES;
				IPHONEOS_DEPLOYMENT_TARGET = 18.5;
				MARKETING_VERSION = 1.0;
				PRODUCT_BUNDLE_IDENTIFIER = com.JustCheck.TravelBookingAppTests;
				PRODUCT_NAME = "$(TARGET_NAME)";
				SWIFT_EMIT_LOC_STRINGS = NO;
				SWIFT_VERSION = 5.0;
				TARGETED_DEVICE_FAMILY = "1,2";
				TEST_HOST = "$(BUILT_PRODUCTS_DIR)/TravelBookingApp.app/$(BUNDLE_EXECUTABLE_FOLDER_PATH)/TravelBookingApp";
			};
			name = Debug;
		};
		4EEFC75A2DFAA4BF00774EED /* Release */ = {
			isa = XCBuildConfiguration;
			baseConfigurationReference = EAEB104272B1649F73053FF2 /* Pods-TravelBookingAppTests.release.xcconfig */;
			buildSettings = {
				BUNDLE_LOADER = "$(TEST_HOST)";
				CODE_SIGN_STYLE = Automatic;
				CURRENT_PROJECT_VERSION = 1;
				DEVELOPMENT_TEAM = H2C4R2VE3A;
				GENERATE_INFOPLIST_FILE = YES;
				IPHONEOS_DEPLOYMENT_TARGET = 18.5;
				MARKETING_VERSION = 1.0;
				PRODUCT_BUNDLE_IDENTIFIER = com.JustCheck.TravelBookingAppTests;
				PRODUCT_NAME = "$(TARGET_NAME)";
				SWIFT_EMIT_LOC_STRINGS = NO;
				SWIFT_VERSION = 5.0;
				TARGETED_DEVICE_FAMILY = "1,2";
				TEST_HOST = "$(BUILT_PRODUCTS_DIR)/TravelBookingApp.app/$(BUNDLE_EXECUTABLE_FOLDER_PATH)/TravelBookingApp";
			};
			name = Release;
		};
		4EEFC75C2DFAA4BF00774EED /* Debug */ = {
			isa = XCBuildConfiguration;
			baseConfigurationReference = 714E351832B953076FF8AD67 /* Pods-TravelBookingApp-TravelBookingAppUITests.debug.xcconfig */;
			buildSettings = {
				CODE_SIGN_STYLE = Automatic;
				CURRENT_PROJECT_VERSION = 1;
				DEVELOPMENT_TEAM = H2C4R2VE3A;
				GENERATE_INFOPLIST_FILE = YES;
				MARKETING_VERSION = 1.0;
				PRODUCT_BUNDLE_IDENTIFIER = com.JustCheck.TravelBookingAppUITests;
				PRODUCT_NAME = "$(TARGET_NAME)";
				SWIFT_EMIT_LOC_STRINGS = NO;
				SWIFT_VERSION = 5.0;
				TARGETED_DEVICE_FAMILY = "1,2";
				TEST_TARGET_NAME = TravelBookingApp;
			};
			name = Debug;
		};
		4EEFC75D2DFAA4BF00774EED /* Release */ = {
			isa = XCBuildConfiguration;
			baseConfigurationReference = 00011B1BDDA453DFBABCAD44 /* Pods-TravelBookingApp-TravelBookingAppUITests.release.xcconfig */;
			buildSettings = {
				CODE_SIGN_STYLE = Automatic;
				CURRENT_PROJECT_VERSION = 1;
				DEVELOPMENT_TEAM = H2C4R2VE3A;
				GENERATE_INFOPLIST_FILE = YES;
				MARKETING_VERSION = 1.0;
				PRODUCT_BUNDLE_IDENTIFIER = com.JustCheck.TravelBookingAppUITests;
				PRODUCT_NAME = "$(TARGET_NAME)";
				SWIFT_EMIT_LOC_STRINGS = NO;
				SWIFT_VERSION = 5.0;
				TARGETED_DEVICE_FAMILY = "1,2";
				TEST_TARGET_NAME = TravelBookingApp;
			};
			name = Release;
		};
/* End XCBuildConfiguration section */

/* Begin XCConfigurationList section */
		4EEFC72F2DFAA4BA00774EED /* Build configuration list for PBXProject "TravelBookingApp" */ = {
			isa = XCConfigurationList;
			buildConfigurations = (
				4EEFC7532DFAA4BF00774EED /* Debug */,
				4EEFC7542DFAA4BF00774EED /* Release */,
			);
			defaultConfigurationIsVisible = 0;
			defaultConfigurationName = Release;
		};
		4EEFC7552DFAA4BF00774EED /* Build configuration list for PBXNativeTarget "TravelBookingApp" */ = {
			isa = XCConfigurationList;
			buildConfigurations = (
				4EEFC7562DFAA4BF00774EED /* Debug */,
				4EEFC7572DFAA4BF00774EED /* Release */,
			);
			defaultConfigurationIsVisible = 0;
			defaultConfigurationName = Release;
		};
		4EEFC7582DFAA4BF00774EED /* Build configuration list for PBXNativeTarget "TravelBookingAppTests" */ = {
			isa = XCConfigurationList;
			buildConfigurations = (
				4EEFC7592DFAA4BF00774EED /* Debug */,
				4EEFC75A2DFAA4BF00774EED /* Release */,
			);
			defaultConfigurationIsVisible = 0;
			defaultConfigurationName = Release;
		};
		4EEFC75B2DFAA4BF00774EED /* Build configuration list for PBXNativeTarget "TravelBookingAppUITests" */ = {
			isa = XCConfigurationList;
			buildConfigurations = (
				4EEFC75C2DFAA4BF00774EED /* Debug */,
				4EEFC75D2DFAA4BF00774EED /* Release */,
			);
			defaultConfigurationIsVisible = 0;
			defaultConfigurationName = Release;
		};
/* End XCConfigurationList section */

/* Begin XCRemoteSwiftPackageReference section */
		4E6CF3672DFC6A640021980A /* XCRemoteSwiftPackageReference "firebase-ios-sdk" */ = {
			isa = XCRemoteSwiftPackageReference;
			repositoryURL = "https://github.com/firebase/firebase-ios-sdk";
			requirement = {
				kind = upToNextMajorVersion;
				minimumVersion = 11.14.0;
			};
		};
		4E6CF3A82DFC6F4A0021980A /* XCRemoteSwiftPackageReference "GoogleSignIn-iOS" */ = {
			isa = XCRemoteSwiftPackageReference;
			repositoryURL = "https://github.com/google/GoogleSignIn-iOS";
			requirement = {
				kind = upToNextMajorVersion;
				minimumVersion = 8.0.0;
			};
		};
/* End XCRemoteSwiftPackageReference section */

/* Begin XCSwiftPackageProductDependency section */
		4E6CF3682DFC6A640021980A /* FirebaseAI */ = {
			isa = XCSwiftPackageProductDependency;
			package = 4E6CF3672DFC6A640021980A /* XCRemoteSwiftPackageReference "firebase-ios-sdk" */;
			productName = FirebaseAI;
		};
		4E6CF36A2DFC6A640021980A /* FirebaseAnalytics */ = {
			isa = XCSwiftPackageProductDependency;
			package = 4E6CF3672DFC6A640021980A /* XCRemoteSwiftPackageReference "firebase-ios-sdk" */;
			productName = FirebaseAnalytics;
		};
		4E6CF36C2DFC6A640021980A /* FirebaseAnalyticsCore */ = {
			isa = XCSwiftPackageProductDependency;
			package = 4E6CF3672DFC6A640021980A /* XCRemoteSwiftPackageReference "firebase-ios-sdk" */;
			productName = FirebaseAnalyticsCore;
		};
		4E6CF36E2DFC6A640021980A /* FirebaseAnalyticsIdentitySupport */ = {
			isa = XCSwiftPackageProductDependency;
			package = 4E6CF3672DFC6A640021980A /* XCRemoteSwiftPackageReference "firebase-ios-sdk" */;
			productName = FirebaseAnalyticsIdentitySupport;
		};
		4E6CF3702DFC6A640021980A /* FirebaseAnalyticsOnDeviceConversion */ = {
			isa = XCSwiftPackageProductDependency;
			package = 4E6CF3672DFC6A640021980A /* XCRemoteSwiftPackageReference "firebase-ios-sdk" */;
			productName = FirebaseAnalyticsOnDeviceConversion;
		};
		4E6CF3722DFC6A640021980A /* FirebaseAnalyticsWithoutAdIdSupport */ = {
			isa = XCSwiftPackageProductDependency;
			package = 4E6CF3672DFC6A640021980A /* XCRemoteSwiftPackageReference "firebase-ios-sdk" */;
			productName = FirebaseAnalyticsWithoutAdIdSupport;
		};
		4E6CF3742DFC6A640021980A /* FirebaseAppCheck */ = {
			isa = XCSwiftPackageProductDependency;
			package = 4E6CF3672DFC6A640021980A /* XCRemoteSwiftPackageReference "firebase-ios-sdk" */;
			productName = FirebaseAppCheck;
		};
		4E6CF3762DFC6A640021980A /* FirebaseAppDistribution-Beta */ = {
			isa = XCSwiftPackageProductDependency;
			package = 4E6CF3672DFC6A640021980A /* XCRemoteSwiftPackageReference "firebase-ios-sdk" */;
			productName = "FirebaseAppDistribution-Beta";
		};
		4E6CF3782DFC6A640021980A /* FirebaseAuth */ = {
			isa = XCSwiftPackageProductDependency;
			package = 4E6CF3672DFC6A640021980A /* XCRemoteSwiftPackageReference "firebase-ios-sdk" */;
			productName = FirebaseAuth;
		};
		4E6CF37A2DFC6A640021980A /* FirebaseAuthCombine-Community */ = {
			isa = XCSwiftPackageProductDependency;
			package = 4E6CF3672DFC6A640021980A /* XCRemoteSwiftPackageReference "firebase-ios-sdk" */;
			productName = "FirebaseAuthCombine-Community";
		};
		4E6CF37C2DFC6A640021980A /* FirebaseCore */ = {
			isa = XCSwiftPackageProductDependency;
			package = 4E6CF3672DFC6A640021980A /* XCRemoteSwiftPackageReference "firebase-ios-sdk" */;
			productName = FirebaseCore;
		};
		4E6CF37E2DFC6A640021980A /* FirebaseCrashlytics */ = {
			isa = XCSwiftPackageProductDependency;
			package = 4E6CF3672DFC6A640021980A /* XCRemoteSwiftPackageReference "firebase-ios-sdk" */;
			productName = FirebaseCrashlytics;
		};
		4E6CF3802DFC6A640021980A /* FirebaseDatabase */ = {
			isa = XCSwiftPackageProductDependency;
			package = 4E6CF3672DFC6A640021980A /* XCRemoteSwiftPackageReference "firebase-ios-sdk" */;
			productName = FirebaseDatabase;
		};
		4E6CF3822DFC6A640021980A /* FirebaseDynamicLinks */ = {
			isa = XCSwiftPackageProductDependency;
			package = 4E6CF3672DFC6A640021980A /* XCRemoteSwiftPackageReference "firebase-ios-sdk" */;
			productName = FirebaseDynamicLinks;
		};
		4E6CF3842DFC6A640021980A /* FirebaseFirestore */ = {
			isa = XCSwiftPackageProductDependency;
			package = 4E6CF3672DFC6A640021980A /* XCRemoteSwiftPackageReference "firebase-ios-sdk" */;
			productName = FirebaseFirestore;
		};
		4E6CF3862DFC6A640021980A /* FirebaseFirestoreCombine-Community */ = {
			isa = XCSwiftPackageProductDependency;
			package = 4E6CF3672DFC6A640021980A /* XCRemoteSwiftPackageReference "firebase-ios-sdk" */;
			productName = "FirebaseFirestoreCombine-Community";
		};
		4E6CF3882DFC6A640021980A /* FirebaseFunctions */ = {
			isa = XCSwiftPackageProductDependency;
			package = 4E6CF3672DFC6A640021980A /* XCRemoteSwiftPackageReference "firebase-ios-sdk" */;
			productName = FirebaseFunctions;
		};
		4E6CF38A2DFC6A640021980A /* FirebaseFunctionsCombine-Community */ = {
			isa = XCSwiftPackageProductDependency;
			package = 4E6CF3672DFC6A640021980A /* XCRemoteSwiftPackageReference "firebase-ios-sdk" */;
			productName = "FirebaseFunctionsCombine-Community";
		};
		4E6CF38C2DFC6A640021980A /* FirebaseInAppMessaging-Beta */ = {
			isa = XCSwiftPackageProductDependency;
			package = 4E6CF3672DFC6A640021980A /* XCRemoteSwiftPackageReference "firebase-ios-sdk" */;
			productName = "FirebaseInAppMessaging-Beta";
		};
		4E6CF38E2DFC6A640021980A /* FirebaseInstallations */ = {
			isa = XCSwiftPackageProductDependency;
			package = 4E6CF3672DFC6A640021980A /* XCRemoteSwiftPackageReference "firebase-ios-sdk" */;
			productName = FirebaseInstallations;
		};
		4E6CF3902DFC6A640021980A /* FirebaseMLModelDownloader */ = {
			isa = XCSwiftPackageProductDependency;
			package = 4E6CF3672DFC6A640021980A /* XCRemoteSwiftPackageReference "firebase-ios-sdk" */;
			productName = FirebaseMLModelDownloader;
		};
		4E6CF3922DFC6A640021980A /* FirebaseMessaging */ = {
			isa = XCSwiftPackageProductDependency;
			package = 4E6CF3672DFC6A640021980A /* XCRemoteSwiftPackageReference "firebase-ios-sdk" */;
			productName = FirebaseMessaging;
		};
		4E6CF3942DFC6A640021980A /* FirebasePerformance */ = {
			isa = XCSwiftPackageProductDependency;
			package = 4E6CF3672DFC6A640021980A /* XCRemoteSwiftPackageReference "firebase-ios-sdk" */;
			productName = FirebasePerformance;
		};
		4E6CF3962DFC6A640021980A /* FirebaseRemoteConfig */ = {
			isa = XCSwiftPackageProductDependency;
			package = 4E6CF3672DFC6A640021980A /* XCRemoteSwiftPackageReference "firebase-ios-sdk" */;
			productName = FirebaseRemoteConfig;
		};
		4E6CF3982DFC6A640021980A /* FirebaseStorage */ = {
			isa = XCSwiftPackageProductDependency;
			package = 4E6CF3672DFC6A640021980A /* XCRemoteSwiftPackageReference "firebase-ios-sdk" */;
			productName = FirebaseStorage;
		};
		4E6CF39A2DFC6A640021980A /* FirebaseStorageCombine-Community */ = {
			isa = XCSwiftPackageProductDependency;
			package = 4E6CF3672DFC6A640021980A /* XCRemoteSwiftPackageReference "firebase-ios-sdk" */;
			productName = "FirebaseStorageCombine-Community";
		};
		4E6CF39C2DFC6A640021980A /* FirebaseVertexAI */ = {
			isa = XCSwiftPackageProductDependency;
			package = 4E6CF3672DFC6A640021980A /* XCRemoteSwiftPackageReference "firebase-ios-sdk" */;
			productName = FirebaseVertexAI;
		};
		4E6CF3A92DFC6F4A0021980A /* GoogleSignIn */ = {
			isa = XCSwiftPackageProductDependency;
			package = 4E6CF3A82DFC6F4A0021980A /* XCRemoteSwiftPackageReference "GoogleSignIn-iOS" */;
			productName = GoogleSignIn;
		};
		4E6CF3AB2DFC6F4A0021980A /* GoogleSignInSwift */ = {
			isa = XCSwiftPackageProductDependency;
			package = 4E6CF3A82DFC6F4A0021980A /* XCRemoteSwiftPackageReference "GoogleSignIn-iOS" */;
			productName = GoogleSignInSwift;
		};
/* End XCSwiftPackageProductDependency section */

/* Begin XCVersionGroup section */
		4EEFC7832DFAB0B900774EED /* Model.xcdatamodeld */ = {
			isa = XCVersionGroup;
			children = (
				4EEFC7892DFAB0B900774EED /* Model.xcdatamodel */,
			);
			currentVersion = 4EEFC7892DFAB0B900774EED /* Model.xcdatamodel */;
			path = Model.xcdatamodeld;
			sourceTree = "<group>";
			versionGroupType = wrapper.xcdatamodel;
		};
/* End XCVersionGroup section */
	};
	rootObject = 4EEFC72C2DFAA4BA00774EED /* Project object */;
}
